
Microsoft Visual Studio Solution File, Format Version 12.00
# Visual Studio Version 16
VisualStudioVersion = 16.0.31702.278
MinimumVisualStudioVersion = 10.0.40219.1
Project("{FAE04EC0-301F-11D3-BF4B-00C04F79EFBC}") = "ФайлДиалог", "ФайлДиалог.csproj", "{82ACC947-6AD7-4717-8DA1-7FF20023BB26}"
EndProject
Global
	GlobalSection(SolutionConfigurationPlatforms) = preSolution
		Debug|Any CPU = Debug|Any CPU
		Release|Any CPU = Release|Any CPU
	EndGlobalSection
	GlobalSection(ProjectConfigurationPlatforms) = postSolution
		{82ACC947-6AD7-4717-8DA1-7FF20023BB26}.Debug|Any CPU.ActiveCfg = Debug|Any CPU
		{82ACC947-6AD7-4717-8DA1-7FF20023BB26}.Debug|Any CPU.Build.0 = Debug|Any CPU
		{82ACC947-6AD7-4717-8DA1-7FF20023BB26}.Release|Any CPU.ActiveCfg = Release|Any CPU
		{82ACC947-6AD7-4717-8DA1-7FF20023BB26}.Release|Any CPU.Build.0 = Release|Any CPU
	EndGlobalSection
	GlobalSection(SolutionProperties) = preSolution
		HideSolutionNode = FALSE
	EndGlobalSection
	GlobalSection(ExtensibilityGlobals) = postSolution
		SolutionGuid = {FA4A12AE-4BF7-42CE-BF11-313B89BAA271}
	EndGlobalSection
EndGlobal
